// !$*UTF8*$!
{
	archiveVersion = 1;
	classes = {
	};
	objectVersion = 55;
	objects = {

/* Begin PBXBuildFile section */
		DDF93CE2285EB656003B54A0 /* AppDelegate.swift in Sources */ = {isa = PBXBuildFile; fileRef = DDF93CE1285EB656003B54A0 /* AppDelegate.swift */; };
		DDF93CE4285EB656003B54A0 /* SceneDelegate.swift in Sources */ = {isa = PBXBuildFile; fileRef = DDF93CE3285EB656003B54A0 /* SceneDelegate.swift */; };
		DDF93CEB285EB65A003B54A0 /* Assets.xcassets in Resources */ = {isa = PBXBuildFile; fileRef = DDF93CEA285EB65A003B54A0 /* Assets.xcassets */; };
		DDF93CEE285EB65A003B54A0 /* LaunchScreen.storyboard in Resources */ = {isa = PBXBuildFile; fileRef = DDF93CEC285EB65A003B54A0 /* LaunchScreen.storyboard */; };
		DDF93CF9285EB65A003B54A0 /* NotflixTests.swift in Sources */ = {isa = PBXBuildFile; fileRef = DDF93CF8285EB65A003B54A0 /* NotflixTests.swift */; };
		DDF93D15285EBC21003B54A0 /* MoviesListingViewController.swift in Sources */ = {isa = PBXBuildFile; fileRef = DDF93D14285EBC21003B54A0 /* MoviesListingViewController.swift */; };
		DDF93D19285EBD91003B54A0 /* MoviesListingViewControllerUIExtension.swift in Sources */ = {isa = PBXBuildFile; fileRef = DDF93D18285EBD91003B54A0 /* MoviesListingViewControllerUIExtension.swift */; };
		DDF93D1B285EBEAD003B54A0 /* MoviesListingCollectionViewDataSource.swift in Sources */ = {isa = PBXBuildFile; fileRef = DDF93D1A285EBEAD003B54A0 /* MoviesListingCollectionViewDataSource.swift */; };
		DDF93D1E285EC1C8003B54A0 /* MoviesListingCollectionViewCell.swift in Sources */ = {isa = PBXBuildFile; fileRef = DDF93D1D285EC1C8003B54A0 /* MoviesListingCollectionViewCell.swift */; };
		DDF93D21285F7085003B54A0 /* MoviesListingCollectionViewDelegateFlowLayout.swift in Sources */ = {isa = PBXBuildFile; fileRef = DDF93D20285F7085003B54A0 /* MoviesListingCollectionViewDelegateFlowLayout.swift */; };
		DDF93D2E285F8299003B54A0 /* MoviesListingCollectionViewDataSourceTests.swift in Sources */ = {isa = PBXBuildFile; fileRef = DDF93D2D285F8298003B54A0 /* MoviesListingCollectionViewDataSourceTests.swift */; };
		DDF93D3028600B83003B54A0 /* MoviesListingCollectionViewDelegateFlowLayoutTests.swift in Sources */ = {isa = PBXBuildFile; fileRef = DDF93D2F28600B83003B54A0 /* MoviesListingCollectionViewDelegateFlowLayoutTests.swift */; };
		DDF93D3228600FB8003B54A0 /* MoviesListingViewControllerTests.swift in Sources */ = {isa = PBXBuildFile; fileRef = DDF93D3128600FB8003B54A0 /* MoviesListingViewControllerTests.swift */; };
		DDF93D3528601640003B54A0 /* MoviesListingPresenterProtocol.swift in Sources */ = {isa = PBXBuildFile; fileRef = DDF93D3428601640003B54A0 /* MoviesListingPresenterProtocol.swift */; };
		DDF93D38286016F3003B54A0 /* MoviesListingPresenter.swift in Sources */ = {isa = PBXBuildFile; fileRef = DDF93D37286016F3003B54A0 /* MoviesListingPresenter.swift */; };
		DDF93D3A28601732003B54A0 /* MoviesListingViewProtocol.swift in Sources */ = {isa = PBXBuildFile; fileRef = DDF93D3928601732003B54A0 /* MoviesListingViewProtocol.swift */; };
		DDF93D3D286017E9003B54A0 /* MoviesListingModel.swift in Sources */ = {isa = PBXBuildFile; fileRef = DDF93D3C286017E9003B54A0 /* MoviesListingModel.swift */; };
		DDF93D4028601D52003B54A0 /* Swinject in Frameworks */ = {isa = PBXBuildFile; productRef = DDF93D3F28601D52003B54A0 /* Swinject */; };
		DDF93D432860B49D003B54A0 /* Kingfisher in Frameworks */ = {isa = PBXBuildFile; productRef = DDF93D422860B49D003B54A0 /* Kingfisher */; };
		DDF93D452860B894003B54A0 /* MoviesListingViewControllerViewExtension.swift in Sources */ = {isa = PBXBuildFile; fileRef = DDF93D442860B894003B54A0 /* MoviesListingViewControllerViewExtension.swift */; };
		DDF93D4928614370003B54A0 /* LoadingView.swift in Sources */ = {isa = PBXBuildFile; fileRef = DDF93D4828614370003B54A0 /* LoadingView.swift */; };
		DDF93D4C28614815003B54A0 /* MoviesListingPresenterTests.swift in Sources */ = {isa = PBXBuildFile; fileRef = DDF93D4B28614815003B54A0 /* MoviesListingPresenterTests.swift */; };
		DDF93D5028614ACB003B54A0 /* LoadingViewTests.swift in Sources */ = {isa = PBXBuildFile; fileRef = DDF93D4F28614ACB003B54A0 /* LoadingViewTests.swift */; };
		DDF93D5628614F50003B54A0 /* ServiceClient.swift in Sources */ = {isa = PBXBuildFile; fileRef = DDF93D5328614F50003B54A0 /* ServiceClient.swift */; };
		DDF93D5728614F50003B54A0 /* Endpoint.swift in Sources */ = {isa = PBXBuildFile; fileRef = DDF93D5428614F50003B54A0 /* Endpoint.swift */; };
		DDF93D5828614F50003B54A0 /* NetworkConfigurable.swift in Sources */ = {isa = PBXBuildFile; fileRef = DDF93D5528614F50003B54A0 /* NetworkConfigurable.swift */; };
		DDF93D5B28614FDB003B54A0 /* TMDBAPIEndpoints.swift in Sources */ = {isa = PBXBuildFile; fileRef = DDF93D5A28614FDB003B54A0 /* TMDBAPIEndpoints.swift */; };
		DDF93D5F286150D4003B54A0 /* SharedConfig.swift in Sources */ = {isa = PBXBuildFile; fileRef = DDF93D5D286150D4003B54A0 /* SharedConfig.swift */; };
		DDF93D60286150D4003B54A0 /* Configurations.plist in Resources */ = {isa = PBXBuildFile; fileRef = DDF93D5E286150D4003B54A0 /* Configurations.plist */; };
		DDF93D6528615BA2003B54A0 /* MoviesRepositoryProtocol.swift in Sources */ = {isa = PBXBuildFile; fileRef = DDF93D6428615BA2003B54A0 /* MoviesRepositoryProtocol.swift */; };
		DDF93D6728615C85003B54A0 /* MoviesRepository.swift in Sources */ = {isa = PBXBuildFile; fileRef = DDF93D6628615C85003B54A0 /* MoviesRepository.swift */; };
		DDF93D692861645A003B54A0 /* HTTPStatus.swift in Sources */ = {isa = PBXBuildFile; fileRef = DDF93D682861645A003B54A0 /* HTTPStatus.swift */; };
		DDF93D6C28616AB3003B54A0 /* TrendingMovieDTO.swift in Sources */ = {isa = PBXBuildFile; fileRef = DDF93D6B28616AB3003B54A0 /* TrendingMovieDTO.swift */; };
		DDF93D6E28616C10003B54A0 /* TrendingMoviesDTO.swift in Sources */ = {isa = PBXBuildFile; fileRef = DDF93D6D28616C10003B54A0 /* TrendingMoviesDTO.swift */; };
		DDF93D7128616D93003B54A0 /* TrendingMoviesEntity.swift in Sources */ = {isa = PBXBuildFile; fileRef = DDF93D7028616D93003B54A0 /* TrendingMoviesEntity.swift */; };
		DDF93D742861738B003B54A0 /* TrendingMoviesUseCase.swift in Sources */ = {isa = PBXBuildFile; fileRef = DDF93D732861738B003B54A0 /* TrendingMoviesUseCase.swift */; };
		DDF93D7828626673003B54A0 /* MovieDetailsViewController.swift in Sources */ = {isa = PBXBuildFile; fileRef = DDF93D7728626673003B54A0 /* MovieDetailsViewController.swift */; };
		DDF93D7B2862746D003B54A0 /* Player.swift in Sources */ = {isa = PBXBuildFile; fileRef = DDF93D7A2862746D003B54A0 /* Player.swift */; };
		DDF93D7E2862911B003B54A0 /* MainCoordinator.swift in Sources */ = {isa = PBXBuildFile; fileRef = DDF93D7D2862911B003B54A0 /* MainCoordinator.swift */; };
		DDF93D802862A596003B54A0 /* MovieDetailsViewControllerUIExtension.swift in Sources */ = {isa = PBXBuildFile; fileRef = DDF93D7F2862A596003B54A0 /* MovieDetailsViewControllerUIExtension.swift */; };
		DDF93D832862A634003B54A0 /* MovieDetailsPresenterProtocol.swift in Sources */ = {isa = PBXBuildFile; fileRef = DDF93D822862A634003B54A0 /* MovieDetailsPresenterProtocol.swift */; };
		DDF93D852862A666003B54A0 /* MovieDetailsViewProtocol.swift in Sources */ = {isa = PBXBuildFile; fileRef = DDF93D842862A666003B54A0 /* MovieDetailsViewProtocol.swift */; };
		DDF93D882862A740003B54A0 /* MovieDetailsModel.swift in Sources */ = {isa = PBXBuildFile; fileRef = DDF93D872862A740003B54A0 /* MovieDetailsModel.swift */; };
		DDF93D8A2862AABE003B54A0 /* MovieDetailsUseCase.swift in Sources */ = {isa = PBXBuildFile; fileRef = DDF93D892862AABE003B54A0 /* MovieDetailsUseCase.swift */; };
		DDF93D8C2862AB16003B54A0 /* MovieDetailsEntity.swift in Sources */ = {isa = PBXBuildFile; fileRef = DDF93D8B2862AB15003B54A0 /* MovieDetailsEntity.swift */; };
		DDF93D8E2862AC51003B54A0 /* MovieDetailsDTO.swift in Sources */ = {isa = PBXBuildFile; fileRef = DDF93D8D2862AC51003B54A0 /* MovieDetailsDTO.swift */; };
		DDF93D912862AFA0003B54A0 /* MovieDetailsPresenter.swift in Sources */ = {isa = PBXBuildFile; fileRef = DDF93D902862AFA0003B54A0 /* MovieDetailsPresenter.swift */; };
		DDF93D932862B1A5003B54A0 /* MovieDetailsViewExtension.swift in Sources */ = {isa = PBXBuildFile; fileRef = DDF93D922862B1A5003B54A0 /* MovieDetailsViewExtension.swift */; };
/* End PBXBuildFile section */

/* Begin PBXContainerItemProxy section */
		DDF93CF5285EB65A003B54A0 /* PBXContainerItemProxy */ = {
			isa = PBXContainerItemProxy;
			containerPortal = DDF93CD6285EB656003B54A0 /* Project object */;
			proxyType = 1;
			remoteGlobalIDString = DDF93CDD285EB656003B54A0;
			remoteInfo = Notflix;
		};
/* End PBXContainerItemProxy section */

/* Begin PBXFileReference section */
		DDF93CDE285EB656003B54A0 /* Notflix.app */ = {isa = PBXFileReference; explicitFileType = wrapper.application; includeInIndex = 0; path = Notflix.app; sourceTree = BUILT_PRODUCTS_DIR; };
		DDF93CE1285EB656003B54A0 /* AppDelegate.swift */ = {isa = PBXFileReference; lastKnownFileType = sourcecode.swift; path = AppDelegate.swift; sourceTree = "<group>"; };
		DDF93CE3285EB656003B54A0 /* SceneDelegate.swift */ = {isa = PBXFileReference; lastKnownFileType = sourcecode.swift; path = SceneDelegate.swift; sourceTree = "<group>"; };
		DDF93CEA285EB65A003B54A0 /* Assets.xcassets */ = {isa = PBXFileReference; lastKnownFileType = folder.assetcatalog; path = Assets.xcassets; sourceTree = "<group>"; };
		DDF93CED285EB65A003B54A0 /* Base */ = {isa = PBXFileReference; lastKnownFileType = file.storyboard; name = Base; path = Base.lproj/LaunchScreen.storyboard; sourceTree = "<group>"; };
		DDF93CEF285EB65A003B54A0 /* Info.plist */ = {isa = PBXFileReference; lastKnownFileType = text.plist.xml; path = Info.plist; sourceTree = "<group>"; };
		DDF93CF4285EB65A003B54A0 /* NotflixTests.xctest */ = {isa = PBXFileReference; explicitFileType = wrapper.cfbundle; includeInIndex = 0; path = NotflixTests.xctest; sourceTree = BUILT_PRODUCTS_DIR; };
		DDF93CF8285EB65A003B54A0 /* NotflixTests.swift */ = {isa = PBXFileReference; lastKnownFileType = sourcecode.swift; path = NotflixTests.swift; sourceTree = "<group>"; };
		DDF93D14285EBC21003B54A0 /* MoviesListingViewController.swift */ = {isa = PBXFileReference; lastKnownFileType = sourcecode.swift; path = MoviesListingViewController.swift; sourceTree = "<group>"; };
		DDF93D18285EBD91003B54A0 /* MoviesListingViewControllerUIExtension.swift */ = {isa = PBXFileReference; lastKnownFileType = sourcecode.swift; path = MoviesListingViewControllerUIExtension.swift; sourceTree = "<group>"; };
		DDF93D1A285EBEAD003B54A0 /* MoviesListingCollectionViewDataSource.swift */ = {isa = PBXFileReference; lastKnownFileType = sourcecode.swift; path = MoviesListingCollectionViewDataSource.swift; sourceTree = "<group>"; };
		DDF93D1D285EC1C8003B54A0 /* MoviesListingCollectionViewCell.swift */ = {isa = PBXFileReference; lastKnownFileType = sourcecode.swift; path = MoviesListingCollectionViewCell.swift; sourceTree = "<group>"; };
		DDF93D20285F7085003B54A0 /* MoviesListingCollectionViewDelegateFlowLayout.swift */ = {isa = PBXFileReference; lastKnownFileType = sourcecode.swift; path = MoviesListingCollectionViewDelegateFlowLayout.swift; sourceTree = "<group>"; };
		DDF93D2D285F8298003B54A0 /* MoviesListingCollectionViewDataSourceTests.swift */ = {isa = PBXFileReference; lastKnownFileType = sourcecode.swift; path = MoviesListingCollectionViewDataSourceTests.swift; sourceTree = "<group>"; };
		DDF93D2F28600B83003B54A0 /* MoviesListingCollectionViewDelegateFlowLayoutTests.swift */ = {isa = PBXFileReference; lastKnownFileType = sourcecode.swift; path = MoviesListingCollectionViewDelegateFlowLayoutTests.swift; sourceTree = "<group>"; };
		DDF93D3128600FB8003B54A0 /* MoviesListingViewControllerTests.swift */ = {isa = PBXFileReference; lastKnownFileType = sourcecode.swift; path = MoviesListingViewControllerTests.swift; sourceTree = "<group>"; };
		DDF93D3428601640003B54A0 /* MoviesListingPresenterProtocol.swift */ = {isa = PBXFileReference; lastKnownFileType = sourcecode.swift; path = MoviesListingPresenterProtocol.swift; sourceTree = "<group>"; };
		DDF93D37286016F3003B54A0 /* MoviesListingPresenter.swift */ = {isa = PBXFileReference; lastKnownFileType = sourcecode.swift; path = MoviesListingPresenter.swift; sourceTree = "<group>"; };
		DDF93D3928601732003B54A0 /* MoviesListingViewProtocol.swift */ = {isa = PBXFileReference; lastKnownFileType = sourcecode.swift; path = MoviesListingViewProtocol.swift; sourceTree = "<group>"; };
		DDF93D3C286017E9003B54A0 /* MoviesListingModel.swift */ = {isa = PBXFileReference; lastKnownFileType = sourcecode.swift; path = MoviesListingModel.swift; sourceTree = "<group>"; };
		DDF93D442860B894003B54A0 /* MoviesListingViewControllerViewExtension.swift */ = {isa = PBXFileReference; lastKnownFileType = sourcecode.swift; path = MoviesListingViewControllerViewExtension.swift; sourceTree = "<group>"; };
		DDF93D4828614370003B54A0 /* LoadingView.swift */ = {isa = PBXFileReference; lastKnownFileType = sourcecode.swift; path = LoadingView.swift; sourceTree = "<group>"; };
		DDF93D4B28614815003B54A0 /* MoviesListingPresenterTests.swift */ = {isa = PBXFileReference; lastKnownFileType = sourcecode.swift; path = MoviesListingPresenterTests.swift; sourceTree = "<group>"; };
		DDF93D4F28614ACB003B54A0 /* LoadingViewTests.swift */ = {isa = PBXFileReference; lastKnownFileType = sourcecode.swift; path = LoadingViewTests.swift; sourceTree = "<group>"; };
		DDF93D5328614F50003B54A0 /* ServiceClient.swift */ = {isa = PBXFileReference; fileEncoding = 4; lastKnownFileType = sourcecode.swift; path = ServiceClient.swift; sourceTree = "<group>"; };
		DDF93D5428614F50003B54A0 /* Endpoint.swift */ = {isa = PBXFileReference; fileEncoding = 4; lastKnownFileType = sourcecode.swift; path = Endpoint.swift; sourceTree = "<group>"; };
		DDF93D5528614F50003B54A0 /* NetworkConfigurable.swift */ = {isa = PBXFileReference; fileEncoding = 4; lastKnownFileType = sourcecode.swift; path = NetworkConfigurable.swift; sourceTree = "<group>"; };
		DDF93D5A28614FDB003B54A0 /* TMDBAPIEndpoints.swift */ = {isa = PBXFileReference; lastKnownFileType = sourcecode.swift; path = TMDBAPIEndpoints.swift; sourceTree = "<group>"; };
		DDF93D5D286150D4003B54A0 /* SharedConfig.swift */ = {isa = PBXFileReference; fileEncoding = 4; lastKnownFileType = sourcecode.swift; path = SharedConfig.swift; sourceTree = "<group>"; };
		DDF93D5E286150D4003B54A0 /* Configurations.plist */ = {isa = PBXFileReference; fileEncoding = 4; lastKnownFileType = text.plist.xml; path = Configurations.plist; sourceTree = "<group>"; };
		DDF93D6428615BA2003B54A0 /* MoviesRepositoryProtocol.swift */ = {isa = PBXFileReference; lastKnownFileType = sourcecode.swift; path = MoviesRepositoryProtocol.swift; sourceTree = "<group>"; };
		DDF93D6628615C85003B54A0 /* MoviesRepository.swift */ = {isa = PBXFileReference; lastKnownFileType = sourcecode.swift; path = MoviesRepository.swift; sourceTree = "<group>"; };
		DDF93D682861645A003B54A0 /* HTTPStatus.swift */ = {isa = PBXFileReference; lastKnownFileType = sourcecode.swift; path = HTTPStatus.swift; sourceTree = "<group>"; };
		DDF93D6B28616AB3003B54A0 /* TrendingMovieDTO.swift */ = {isa = PBXFileReference; lastKnownFileType = sourcecode.swift; path = TrendingMovieDTO.swift; sourceTree = "<group>"; };
		DDF93D6D28616C10003B54A0 /* TrendingMoviesDTO.swift */ = {isa = PBXFileReference; lastKnownFileType = sourcecode.swift; path = TrendingMoviesDTO.swift; sourceTree = "<group>"; };
		DDF93D7028616D93003B54A0 /* TrendingMoviesEntity.swift */ = {isa = PBXFileReference; lastKnownFileType = sourcecode.swift; path = TrendingMoviesEntity.swift; sourceTree = "<group>"; };
		DDF93D732861738B003B54A0 /* TrendingMoviesUseCase.swift */ = {isa = PBXFileReference; lastKnownFileType = sourcecode.swift; path = TrendingMoviesUseCase.swift; sourceTree = "<group>"; };
		DDF93D7728626673003B54A0 /* MovieDetailsViewController.swift */ = {isa = PBXFileReference; lastKnownFileType = sourcecode.swift; path = MovieDetailsViewController.swift; sourceTree = "<group>"; };
		DDF93D7A2862746D003B54A0 /* Player.swift */ = {isa = PBXFileReference; lastKnownFileType = sourcecode.swift; path = Player.swift; sourceTree = "<group>"; };
		DDF93D7D2862911B003B54A0 /* MainCoordinator.swift */ = {isa = PBXFileReference; lastKnownFileType = sourcecode.swift; path = MainCoordinator.swift; sourceTree = "<group>"; };
		DDF93D7F2862A596003B54A0 /* MovieDetailsViewControllerUIExtension.swift */ = {isa = PBXFileReference; lastKnownFileType = sourcecode.swift; path = MovieDetailsViewControllerUIExtension.swift; sourceTree = "<group>"; };
		DDF93D822862A634003B54A0 /* MovieDetailsPresenterProtocol.swift */ = {isa = PBXFileReference; lastKnownFileType = sourcecode.swift; path = MovieDetailsPresenterProtocol.swift; sourceTree = "<group>"; };
		DDF93D842862A666003B54A0 /* MovieDetailsViewProtocol.swift */ = {isa = PBXFileReference; lastKnownFileType = sourcecode.swift; path = MovieDetailsViewProtocol.swift; sourceTree = "<group>"; };
		DDF93D872862A740003B54A0 /* MovieDetailsModel.swift */ = {isa = PBXFileReference; lastKnownFileType = sourcecode.swift; path = MovieDetailsModel.swift; sourceTree = "<group>"; };
		DDF93D892862AABE003B54A0 /* MovieDetailsUseCase.swift */ = {isa = PBXFileReference; lastKnownFileType = sourcecode.swift; path = MovieDetailsUseCase.swift; sourceTree = "<group>"; };
		DDF93D8B2862AB15003B54A0 /* MovieDetailsEntity.swift */ = {isa = PBXFileReference; lastKnownFileType = sourcecode.swift; path = MovieDetailsEntity.swift; sourceTree = "<group>"; };
		DDF93D8D2862AC51003B54A0 /* MovieDetailsDTO.swift */ = {isa = PBXFileReference; lastKnownFileType = sourcecode.swift; path = MovieDetailsDTO.swift; sourceTree = "<group>"; };
		DDF93D902862AFA0003B54A0 /* MovieDetailsPresenter.swift */ = {isa = PBXFileReference; lastKnownFileType = sourcecode.swift; path = MovieDetailsPresenter.swift; sourceTree = "<group>"; };
		DDF93D922862B1A5003B54A0 /* MovieDetailsViewExtension.swift */ = {isa = PBXFileReference; lastKnownFileType = sourcecode.swift; path = MovieDetailsViewExtension.swift; sourceTree = "<group>"; };
/* End PBXFileReference section */

/* Begin PBXFrameworksBuildPhase section */
		DDF93CDB285EB656003B54A0 /* Frameworks */ = {
			isa = PBXFrameworksBuildPhase;
			buildActionMask = 2147483647;
			files = (
				DDF93D432860B49D003B54A0 /* Kingfisher in Frameworks */,
				DDF93D4028601D52003B54A0 /* Swinject in Frameworks */,
			);
			runOnlyForDeploymentPostprocessing = 0;
		};
		DDF93CF1285EB65A003B54A0 /* Frameworks */ = {
			isa = PBXFrameworksBuildPhase;
			buildActionMask = 2147483647;
			files = (
			);
			runOnlyForDeploymentPostprocessing = 0;
		};
/* End PBXFrameworksBuildPhase section */

/* Begin PBXGroup section */
		DDF93CD5285EB656003B54A0 = {
			isa = PBXGroup;
			children = (
				DDF93CE0285EB656003B54A0 /* Notflix */,
				DDF93CF7285EB65A003B54A0 /* NotflixTests */,
				DDF93CDF285EB656003B54A0 /* Products */,
			);
			sourceTree = "<group>";
		};
		DDF93CDF285EB656003B54A0 /* Products */ = {
			isa = PBXGroup;
			children = (
				DDF93CDE285EB656003B54A0 /* Notflix.app */,
				DDF93CF4285EB65A003B54A0 /* NotflixTests.xctest */,
			);
			name = Products;
			sourceTree = "<group>";
		};
		DDF93CE0285EB656003B54A0 /* Notflix */ = {
			isa = PBXGroup;
			children = (
				DDF93D5C286150C2003B54A0 /* Config */,
				DDF93D5128614F37003B54A0 /* Data */,
				DDF93D6228615B5C003B54A0 /* Domain */,
				DDF93D11285EBBB9003B54A0 /* Presentation */,
				DDF93CE1285EB656003B54A0 /* AppDelegate.swift */,
				DDF93CE3285EB656003B54A0 /* SceneDelegate.swift */,
				DDF93CEA285EB65A003B54A0 /* Assets.xcassets */,
				DDF93CEC285EB65A003B54A0 /* LaunchScreen.storyboard */,
				DDF93CEF285EB65A003B54A0 /* Info.plist */,
			);
			path = Notflix;
			sourceTree = "<group>";
		};
		DDF93CF7285EB65A003B54A0 /* NotflixTests */ = {
			isa = PBXGroup;
			children = (
				DDF93D29285F8264003B54A0 /* Presentation */,
				DDF93CF8285EB65A003B54A0 /* NotflixTests.swift */,
			);
			path = NotflixTests;
			sourceTree = "<group>";
		};
		DDF93D11285EBBB9003B54A0 /* Presentation */ = {
			isa = PBXGroup;
			children = (
				DDF93D7C28629105003B54A0 /* Coordinators */,
				DDF93D4628614345003B54A0 /* Common */,
				DDF93D12285EBBC2003B54A0 /* Modules */,
			);
			path = Presentation;
			sourceTree = "<group>";
		};
		DDF93D12285EBBC2003B54A0 /* Modules */ = {
			isa = PBXGroup;
			children = (
				DDF93D7528625B2E003B54A0 /* MovieDetails */,
				DDF93D13285EBBC7003B54A0 /* Listing */,
			);
			path = Modules;
			sourceTree = "<group>";
		};
		DDF93D13285EBBC7003B54A0 /* Listing */ = {
			isa = PBXGroup;
			children = (
				DDF93D3328601628003B54A0 /* Contracts */,
				DDF93D3B286017AF003B54A0 /* Model */,
				DDF93D22285F7EF7003B54A0 /* View */,
				DDF93D36286016DE003B54A0 /* Presenter */,
			);
			path = Listing;
			sourceTree = "<group>";
		};
		DDF93D1C285EC193003B54A0 /* Cells */ = {
			isa = PBXGroup;
			children = (
				DDF93D1D285EC1C8003B54A0 /* MoviesListingCollectionViewCell.swift */,
			);
			path = Cells;
			sourceTree = "<group>";
		};
		DDF93D22285F7EF7003B54A0 /* View */ = {
			isa = PBXGroup;
			children = (
				DDF93D1C285EC193003B54A0 /* Cells */,
				DDF93D1A285EBEAD003B54A0 /* MoviesListingCollectionViewDataSource.swift */,
				DDF93D14285EBC21003B54A0 /* MoviesListingViewController.swift */,
				DDF93D20285F7085003B54A0 /* MoviesListingCollectionViewDelegateFlowLayout.swift */,
				DDF93D18285EBD91003B54A0 /* MoviesListingViewControllerUIExtension.swift */,
				DDF93D442860B894003B54A0 /* MoviesListingViewControllerViewExtension.swift */,
			);
			path = View;
			sourceTree = "<group>";
		};
		DDF93D29285F8264003B54A0 /* Presentation */ = {
			isa = PBXGroup;
			children = (
				DDF93D4D28614AB3003B54A0 /* Common */,
				DDF93D2A285F8269003B54A0 /* Modules */,
			);
			path = Presentation;
			sourceTree = "<group>";
		};
		DDF93D2A285F8269003B54A0 /* Modules */ = {
			isa = PBXGroup;
			children = (
				DDF93D2B285F826E003B54A0 /* Listing */,
			);
			path = Modules;
			sourceTree = "<group>";
		};
		DDF93D2B285F826E003B54A0 /* Listing */ = {
			isa = PBXGroup;
			children = (
				DDF93D4A286147F6003B54A0 /* Presenter */,
				DDF93D2C285F8275003B54A0 /* View */,
			);
			path = Listing;
			sourceTree = "<group>";
		};
		DDF93D2C285F8275003B54A0 /* View */ = {
			isa = PBXGroup;
			children = (
				DDF93D2D285F8298003B54A0 /* MoviesListingCollectionViewDataSourceTests.swift */,
				DDF93D2F28600B83003B54A0 /* MoviesListingCollectionViewDelegateFlowLayoutTests.swift */,
				DDF93D3128600FB8003B54A0 /* MoviesListingViewControllerTests.swift */,
			);
			path = View;
			sourceTree = "<group>";
		};
		DDF93D3328601628003B54A0 /* Contracts */ = {
			isa = PBXGroup;
			children = (
				DDF93D3428601640003B54A0 /* MoviesListingPresenterProtocol.swift */,
				DDF93D3928601732003B54A0 /* MoviesListingViewProtocol.swift */,
			);
			path = Contracts;
			sourceTree = "<group>";
		};
		DDF93D36286016DE003B54A0 /* Presenter */ = {
			isa = PBXGroup;
			children = (
				DDF93D37286016F3003B54A0 /* MoviesListingPresenter.swift */,
			);
			path = Presenter;
			sourceTree = "<group>";
		};
		DDF93D3B286017AF003B54A0 /* Model */ = {
			isa = PBXGroup;
			children = (
				DDF93D3C286017E9003B54A0 /* MoviesListingModel.swift */,
			);
			path = Model;
			sourceTree = "<group>";
		};
		DDF93D4628614345003B54A0 /* Common */ = {
			isa = PBXGroup;
			children = (
				DDF93D7928627458003B54A0 /* Player */,
				DDF93D472861434E003B54A0 /* LoadingView */,
			);
			path = Common;
			sourceTree = "<group>";
		};
		DDF93D472861434E003B54A0 /* LoadingView */ = {
			isa = PBXGroup;
			children = (
				DDF93D4828614370003B54A0 /* LoadingView.swift */,
			);
			path = LoadingView;
			sourceTree = "<group>";
		};
		DDF93D4A286147F6003B54A0 /* Presenter */ = {
			isa = PBXGroup;
			children = (
				DDF93D4B28614815003B54A0 /* MoviesListingPresenterTests.swift */,
			);
			path = Presenter;
			sourceTree = "<group>";
		};
		DDF93D4D28614AB3003B54A0 /* Common */ = {
			isa = PBXGroup;
			children = (
				DDF93D4E28614AB8003B54A0 /* LoadingView */,
			);
			path = Common;
			sourceTree = "<group>";
		};
		DDF93D4E28614AB8003B54A0 /* LoadingView */ = {
			isa = PBXGroup;
			children = (
				DDF93D4F28614ACB003B54A0 /* LoadingViewTests.swift */,
			);
			path = LoadingView;
			sourceTree = "<group>";
		};
		DDF93D5128614F37003B54A0 /* Data */ = {
			isa = PBXGroup;
			children = (
				DDF93D6A28616A9C003B54A0 /* DTOs */,
				DDF93D612861526B003B54A0 /* Repositories */,
				DDF93D5928614F95003B54A0 /* Network */,
				DDF93D5228614F44003B54A0 /* Infrastructure */,
			);
			path = Data;
			sourceTree = "<group>";
		};
		DDF93D5228614F44003B54A0 /* Infrastructure */ = {
			isa = PBXGroup;
			children = (
				DDF93D5428614F50003B54A0 /* Endpoint.swift */,
				DDF93D5528614F50003B54A0 /* NetworkConfigurable.swift */,
				DDF93D5328614F50003B54A0 /* ServiceClient.swift */,
				DDF93D682861645A003B54A0 /* HTTPStatus.swift */,
			);
			path = Infrastructure;
			sourceTree = "<group>";
		};
		DDF93D5928614F95003B54A0 /* Network */ = {
			isa = PBXGroup;
			children = (
				DDF93D5A28614FDB003B54A0 /* TMDBAPIEndpoints.swift */,
			);
			path = Network;
			sourceTree = "<group>";
		};
		DDF93D5C286150C2003B54A0 /* Config */ = {
			isa = PBXGroup;
			children = (
				DDF93D5E286150D4003B54A0 /* Configurations.plist */,
				DDF93D5D286150D4003B54A0 /* SharedConfig.swift */,
			);
			path = Config;
			sourceTree = "<group>";
		};
		DDF93D612861526B003B54A0 /* Repositories */ = {
			isa = PBXGroup;
			children = (
				DDF93D6628615C85003B54A0 /* MoviesRepository.swift */,
			);
			path = Repositories;
			sourceTree = "<group>";
		};
		DDF93D6228615B5C003B54A0 /* Domain */ = {
			isa = PBXGroup;
			children = (
				DDF93D7228617225003B54A0 /* UseCases */,
				DDF93D6F28616D7B003B54A0 /* Entities */,
				DDF93D6328615B82003B54A0 /* Repositories */,
			);
			path = Domain;
			sourceTree = "<group>";
		};
		DDF93D6328615B82003B54A0 /* Repositories */ = {
			isa = PBXGroup;
			children = (
				DDF93D6428615BA2003B54A0 /* MoviesRepositoryProtocol.swift */,
			);
			path = Repositories;
			sourceTree = "<group>";
		};
		DDF93D6A28616A9C003B54A0 /* DTOs */ = {
			isa = PBXGroup;
			children = (
				DDF93D6B28616AB3003B54A0 /* TrendingMovieDTO.swift */,
				DDF93D6D28616C10003B54A0 /* TrendingMoviesDTO.swift */,
				DDF93D8D2862AC51003B54A0 /* MovieDetailsDTO.swift */,
			);
			path = DTOs;
			sourceTree = "<group>";
		};
		DDF93D6F28616D7B003B54A0 /* Entities */ = {
			isa = PBXGroup;
			children = (
				DDF93D7028616D93003B54A0 /* TrendingMoviesEntity.swift */,
				DDF93D8B2862AB15003B54A0 /* MovieDetailsEntity.swift */,
			);
			path = Entities;
			sourceTree = "<group>";
		};
		DDF93D7228617225003B54A0 /* UseCases */ = {
			isa = PBXGroup;
			children = (
				DDF93D732861738B003B54A0 /* TrendingMoviesUseCase.swift */,
				DDF93D892862AABE003B54A0 /* MovieDetailsUseCase.swift */,
			);
			path = UseCases;
			sourceTree = "<group>";
		};
		DDF93D7528625B2E003B54A0 /* MovieDetails */ = {
			isa = PBXGroup;
			children = (
				DDF93D8F2862AF93003B54A0 /* Presenter */,
				DDF93D862862A731003B54A0 /* Model */,
				DDF93D812862A61F003B54A0 /* Contracts */,
				DDF93D762862664A003B54A0 /* View */,
			);
			path = MovieDetails;
			sourceTree = "<group>";
		};
		DDF93D762862664A003B54A0 /* View */ = {
			isa = PBXGroup;
			children = (
				DDF93D7728626673003B54A0 /* MovieDetailsViewController.swift */,
				DDF93D7F2862A596003B54A0 /* MovieDetailsViewControllerUIExtension.swift */,
				DDF93D922862B1A5003B54A0 /* MovieDetailsViewExtension.swift */,
			);
			path = View;
			sourceTree = "<group>";
		};
		DDF93D7928627458003B54A0 /* Player */ = {
			isa = PBXGroup;
			children = (
				DDF93D7A2862746D003B54A0 /* Player.swift */,
			);
			path = Player;
			sourceTree = "<group>";
		};
		DDF93D7C28629105003B54A0 /* Coordinators */ = {
			isa = PBXGroup;
			children = (
				DDF93D7D2862911B003B54A0 /* MainCoordinator.swift */,
			);
			path = Coordinators;
			sourceTree = "<group>";
		};
		DDF93D812862A61F003B54A0 /* Contracts */ = {
			isa = PBXGroup;
			children = (
				DDF93D822862A634003B54A0 /* MovieDetailsPresenterProtocol.swift */,
				DDF93D842862A666003B54A0 /* MovieDetailsViewProtocol.swift */,
			);
			path = Contracts;
			sourceTree = "<group>";
		};
		DDF93D862862A731003B54A0 /* Model */ = {
			isa = PBXGroup;
			children = (
				DDF93D872862A740003B54A0 /* MovieDetailsModel.swift */,
			);
			path = Model;
			sourceTree = "<group>";
		};
		DDF93D8F2862AF93003B54A0 /* Presenter */ = {
			isa = PBXGroup;
			children = (
				DDF93D902862AFA0003B54A0 /* MovieDetailsPresenter.swift */,
			);
			path = Presenter;
			sourceTree = "<group>";
		};
/* End PBXGroup section */

/* Begin PBXNativeTarget section */
		DDF93CDD285EB656003B54A0 /* Notflix */ = {
			isa = PBXNativeTarget;
			buildConfigurationList = DDF93D08285EB65B003B54A0 /* Build configuration list for PBXNativeTarget "Notflix" */;
			buildPhases = (
				DDF93CDA285EB656003B54A0 /* Sources */,
				DDF93CDB285EB656003B54A0 /* Frameworks */,
				DDF93CDC285EB656003B54A0 /* Resources */,
			);
			buildRules = (
			);
			dependencies = (
			);
			name = Notflix;
			packageProductDependencies = (
				DDF93D3F28601D52003B54A0 /* Swinject */,
				DDF93D422860B49D003B54A0 /* Kingfisher */,
			);
			productName = Notflix;
			productReference = DDF93CDE285EB656003B54A0 /* Notflix.app */;
			productType = "com.apple.product-type.application";
		};
		DDF93CF3285EB65A003B54A0 /* NotflixTests */ = {
			isa = PBXNativeTarget;
			buildConfigurationList = DDF93D0B285EB65B003B54A0 /* Build configuration list for PBXNativeTarget "NotflixTests" */;
			buildPhases = (
				DDF93CF0285EB65A003B54A0 /* Sources */,
				DDF93CF1285EB65A003B54A0 /* Frameworks */,
				DDF93CF2285EB65A003B54A0 /* Resources */,
			);
			buildRules = (
			);
			dependencies = (
				DDF93CF6285EB65A003B54A0 /* PBXTargetDependency */,
			);
			name = NotflixTests;
			productName = NotflixTests;
			productReference = DDF93CF4285EB65A003B54A0 /* NotflixTests.xctest */;
			productType = "com.apple.product-type.bundle.unit-test";
		};
/* End PBXNativeTarget section */

/* Begin PBXProject section */
		DDF93CD6285EB656003B54A0 /* Project object */ = {
			isa = PBXProject;
			attributes = {
				BuildIndependentTargetsInParallel = 1;
				LastSwiftUpdateCheck = 1310;
				LastUpgradeCheck = 1310;
				TargetAttributes = {
					DDF93CDD285EB656003B54A0 = {
						CreatedOnToolsVersion = 13.1;
					};
					DDF93CF3285EB65A003B54A0 = {
						CreatedOnToolsVersion = 13.1;
						TestTargetID = DDF93CDD285EB656003B54A0;
					};
				};
			};
			buildConfigurationList = DDF93CD9285EB656003B54A0 /* Build configuration list for PBXProject "Notflix" */;
			compatibilityVersion = "Xcode 13.0";
			developmentRegion = en;
			hasScannedForEncodings = 0;
			knownRegions = (
				en,
				Base,
			);
			mainGroup = DDF93CD5285EB656003B54A0;
			packageReferences = (
				DDF93D3E28601D52003B54A0 /* XCRemoteSwiftPackageReference "Swinject" */,
				DDF93D412860B49D003B54A0 /* XCRemoteSwiftPackageReference "Kingfisher" */,
			);
			productRefGroup = DDF93CDF285EB656003B54A0 /* Products */;
			projectDirPath = "";
			projectRoot = "";
			targets = (
				DDF93CDD285EB656003B54A0 /* Notflix */,
				DDF93CF3285EB65A003B54A0 /* NotflixTests */,
			);
		};
/* End PBXProject section */

/* Begin PBXResourcesBuildPhase section */
		DDF93CDC285EB656003B54A0 /* Resources */ = {
			isa = PBXResourcesBuildPhase;
			buildActionMask = 2147483647;
			files = (
				DDF93CEE285EB65A003B54A0 /* LaunchScreen.storyboard in Resources */,
				DDF93D60286150D4003B54A0 /* Configurations.plist in Resources */,
				DDF93CEB285EB65A003B54A0 /* Assets.xcassets in Resources */,
			);
			runOnlyForDeploymentPostprocessing = 0;
		};
		DDF93CF2285EB65A003B54A0 /* Resources */ = {
			isa = PBXResourcesBuildPhase;
			buildActionMask = 2147483647;
			files = (
			);
			runOnlyForDeploymentPostprocessing = 0;
		};
/* End PBXResourcesBuildPhase section */

/* Begin PBXSourcesBuildPhase section */
		DDF93CDA285EB656003B54A0 /* Sources */ = {
			isa = PBXSourcesBuildPhase;
			buildActionMask = 2147483647;
			files = (
				DDF93D7128616D93003B54A0 /* TrendingMoviesEntity.swift in Sources */,
				DDF93D7E2862911B003B54A0 /* MainCoordinator.swift in Sources */,
				DDF93D5628614F50003B54A0 /* ServiceClient.swift in Sources */,
				DDF93D7828626673003B54A0 /* MovieDetailsViewController.swift in Sources */,
				DDF93D19285EBD91003B54A0 /* MoviesListingViewControllerUIExtension.swift in Sources */,
				DDF93D852862A666003B54A0 /* MovieDetailsViewProtocol.swift in Sources */,
				DDF93D1B285EBEAD003B54A0 /* MoviesListingCollectionViewDataSource.swift in Sources */,
				DDF93D1E285EC1C8003B54A0 /* MoviesListingCollectionViewCell.swift in Sources */,
				DDF93D912862AFA0003B54A0 /* MovieDetailsPresenter.swift in Sources */,
				DDF93D8C2862AB16003B54A0 /* MovieDetailsEntity.swift in Sources */,
				DDF93D5728614F50003B54A0 /* Endpoint.swift in Sources */,
				DDF93D882862A740003B54A0 /* MovieDetailsModel.swift in Sources */,
				DDF93D7B2862746D003B54A0 /* Player.swift in Sources */,
				DDF93D8E2862AC51003B54A0 /* MovieDetailsDTO.swift in Sources */,
				DDF93D742861738B003B54A0 /* TrendingMoviesUseCase.swift in Sources */,
				DDF93D5B28614FDB003B54A0 /* TMDBAPIEndpoints.swift in Sources */,
				DDF93D21285F7085003B54A0 /* MoviesListingCollectionViewDelegateFlowLayout.swift in Sources */,
				DDF93D3A28601732003B54A0 /* MoviesListingViewProtocol.swift in Sources */,
				DDF93D8A2862AABE003B54A0 /* MovieDetailsUseCase.swift in Sources */,
				DDF93D15285EBC21003B54A0 /* MoviesListingViewController.swift in Sources */,
				DDF93D802862A596003B54A0 /* MovieDetailsViewControllerUIExtension.swift in Sources */,
				DDF93D38286016F3003B54A0 /* MoviesListingPresenter.swift in Sources */,
				DDF93D3D286017E9003B54A0 /* MoviesListingModel.swift in Sources */,
				DDF93D6528615BA2003B54A0 /* MoviesRepositoryProtocol.swift in Sources */,
				DDF93D832862A634003B54A0 /* MovieDetailsPresenterProtocol.swift in Sources */,
				DDF93D932862B1A5003B54A0 /* MovieDetailsViewExtension.swift in Sources */,
				DDF93CE2285EB656003B54A0 /* AppDelegate.swift in Sources */,
				DDF93D452860B894003B54A0 /* MoviesListingViewControllerViewExtension.swift in Sources */,
				DDF93D6C28616AB3003B54A0 /* TrendingMovieDTO.swift in Sources */,
				DDF93D3528601640003B54A0 /* MoviesListingPresenterProtocol.swift in Sources */,
				DDF93D5F286150D4003B54A0 /* SharedConfig.swift in Sources */,
				DDF93D6728615C85003B54A0 /* MoviesRepository.swift in Sources */,
				DDF93D4928614370003B54A0 /* LoadingView.swift in Sources */,
				DDF93CE4285EB656003B54A0 /* SceneDelegate.swift in Sources */,
				DDF93D5828614F50003B54A0 /* NetworkConfigurable.swift in Sources */,
				DDF93D692861645A003B54A0 /* HTTPStatus.swift in Sources */,
				DDF93D6E28616C10003B54A0 /* TrendingMoviesDTO.swift in Sources */,
			);
			runOnlyForDeploymentPostprocessing = 0;
		};
		DDF93CF0285EB65A003B54A0 /* Sources */ = {
			isa = PBXSourcesBuildPhase;
			buildActionMask = 2147483647;
			files = (
				DDF93D3228600FB8003B54A0 /* MoviesListingViewControllerTests.swift in Sources */,
				DDF93D5028614ACB003B54A0 /* LoadingViewTests.swift in Sources */,
				DDF93D4C28614815003B54A0 /* MoviesListingPresenterTests.swift in Sources */,
				DDF93CF9285EB65A003B54A0 /* NotflixTests.swift in Sources */,
				DDF93D3028600B83003B54A0 /* MoviesListingCollectionViewDelegateFlowLayoutTests.swift in Sources */,
				DDF93D2E285F8299003B54A0 /* MoviesListingCollectionViewDataSourceTests.swift in Sources */,
			);
			runOnlyForDeploymentPostprocessing = 0;
		};
/* End PBXSourcesBuildPhase section */

/* Begin PBXTargetDependency section */
		DDF93CF6285EB65A003B54A0 /* PBXTargetDependency */ = {
			isa = PBXTargetDependency;
			target = DDF93CDD285EB656003B54A0 /* Notflix */;
			targetProxy = DDF93CF5285EB65A003B54A0 /* PBXContainerItemProxy */;
		};
/* End PBXTargetDependency section */

/* Begin PBXVariantGroup section */
		DDF93CEC285EB65A003B54A0 /* LaunchScreen.storyboard */ = {
			isa = PBXVariantGroup;
			children = (
				DDF93CED285EB65A003B54A0 /* Base */,
			);
			name = LaunchScreen.storyboard;
			sourceTree = "<group>";
		};
/* End PBXVariantGroup section */

/* Begin XCBuildConfiguration section */
		DDF93D06285EB65A003B54A0 /* Debug */ = {
			isa = XCBuildConfiguration;
			buildSettings = {
				ALWAYS_SEARCH_USER_PATHS = NO;
				CLANG_ANALYZER_NONNULL = YES;
				CLANG_ANALYZER_NUMBER_OBJECT_CONVERSION = YES_AGGRESSIVE;
				CLANG_CXX_LANGUAGE_STANDARD = "gnu++17";
				CLANG_CXX_LIBRARY = "libc++";
				CLANG_ENABLE_MODULES = YES;
				CLANG_ENABLE_OBJC_ARC = YES;
				CLANG_ENABLE_OBJC_WEAK = YES;
				CLANG_WARN_BLOCK_CAPTURE_AUTORELEASING = YES;
				CLANG_WARN_BOOL_CONVERSION = YES;
				CLANG_WARN_COMMA = YES;
				CLANG_WARN_CONSTANT_CONVERSION = YES;
				CLANG_WARN_DEPRECATED_OBJC_IMPLEMENTATIONS = YES;
				CLANG_WARN_DIRECT_OBJC_ISA_USAGE = YES_ERROR;
				CLANG_WARN_DOCUMENTATION_COMMENTS = YES;
				CLANG_WARN_EMPTY_BODY = YES;
				CLANG_WARN_ENUM_CONVERSION = YES;
				CLANG_WARN_INFINITE_RECURSION = YES;
				CLANG_WARN_INT_CONVERSION = YES;
				CLANG_WARN_NON_LITERAL_NULL_CONVERSION = YES;
				CLANG_WARN_OBJC_IMPLICIT_RETAIN_SELF = YES;
				CLANG_WARN_OBJC_LITERAL_CONVERSION = YES;
				CLANG_WARN_OBJC_ROOT_CLASS = YES_ERROR;
				CLANG_WARN_QUOTED_INCLUDE_IN_FRAMEWORK_HEADER = YES;
				CLANG_WARN_RANGE_LOOP_ANALYSIS = YES;
				CLANG_WARN_STRICT_PROTOTYPES = YES;
				CLANG_WARN_SUSPICIOUS_MOVE = YES;
				CLANG_WARN_UNGUARDED_AVAILABILITY = YES_AGGRESSIVE;
				CLANG_WARN_UNREACHABLE_CODE = YES;
				CLANG_WARN__DUPLICATE_METHOD_MATCH = YES;
				COPY_PHASE_STRIP = NO;
				DEBUG_INFORMATION_FORMAT = dwarf;
				ENABLE_STRICT_OBJC_MSGSEND = YES;
				ENABLE_TESTABILITY = YES;
				GCC_C_LANGUAGE_STANDARD = gnu11;
				GCC_DYNAMIC_NO_PIC = NO;
				GCC_NO_COMMON_BLOCKS = YES;
				GCC_OPTIMIZATION_LEVEL = 0;
				GCC_PREPROCESSOR_DEFINITIONS = (
					"DEBUG=1",
					"$(inherited)",
				);
				GCC_WARN_64_TO_32_BIT_CONVERSION = YES;
				GCC_WARN_ABOUT_RETURN_TYPE = YES_ERROR;
				GCC_WARN_UNDECLARED_SELECTOR = YES;
				GCC_WARN_UNINITIALIZED_AUTOS = YES_AGGRESSIVE;
				GCC_WARN_UNUSED_FUNCTION = YES;
				GCC_WARN_UNUSED_VARIABLE = YES;
				IPHONEOS_DEPLOYMENT_TARGET = 15.0;
				MTL_ENABLE_DEBUG_INFO = INCLUDE_SOURCE;
				MTL_FAST_MATH = YES;
				ONLY_ACTIVE_ARCH = YES;
				SDKROOT = iphoneos;
				SWIFT_ACTIVE_COMPILATION_CONDITIONS = DEBUG;
				SWIFT_OPTIMIZATION_LEVEL = "-Onone";
			};
			name = Debug;
		};
		DDF93D07285EB65A003B54A0 /* Release */ = {
			isa = XCBuildConfiguration;
			buildSettings = {
				ALWAYS_SEARCH_USER_PATHS = NO;
				CLANG_ANALYZER_NONNULL = YES;
				CLANG_ANALYZER_NUMBER_OBJECT_CONVERSION = YES_AGGRESSIVE;
				CLANG_CXX_LANGUAGE_STANDARD = "gnu++17";
				CLANG_CXX_LIBRARY = "libc++";
				CLANG_ENABLE_MODULES = YES;
				CLANG_ENABLE_OBJC_ARC = YES;
				CLANG_ENABLE_OBJC_WEAK = YES;
				CLANG_WARN_BLOCK_CAPTURE_AUTORELEASING = YES;
				CLANG_WARN_BOOL_CONVERSION = YES;
				CLANG_WARN_COMMA = YES;
				CLANG_WARN_CONSTANT_CONVERSION = YES;
				CLANG_WARN_DEPRECATED_OBJC_IMPLEMENTATIONS = YES;
				CLANG_WARN_DIRECT_OBJC_ISA_USAGE = YES_ERROR;
				CLANG_WARN_DOCUMENTATION_COMMENTS = YES;
				CLANG_WARN_EMPTY_BODY = YES;
				CLANG_WARN_ENUM_CONVERSION = YES;
				CLANG_WARN_INFINITE_RECURSION = YES;
				CLANG_WARN_INT_CONVERSION = YES;
				CLANG_WARN_NON_LITERAL_NULL_CONVERSION = YES;
				CLANG_WARN_OBJC_IMPLICIT_RETAIN_SELF = YES;
				CLANG_WARN_OBJC_LITERAL_CONVERSION = YES;
				CLANG_WARN_OBJC_ROOT_CLASS = YES_ERROR;
				CLANG_WARN_QUOTED_INCLUDE_IN_FRAMEWORK_HEADER = YES;
				CLANG_WARN_RANGE_LOOP_ANALYSIS = YES;
				CLANG_WARN_STRICT_PROTOTYPES = YES;
				CLANG_WARN_SUSPICIOUS_MOVE = YES;
				CLANG_WARN_UNGUARDED_AVAILABILITY = YES_AGGRESSIVE;
				CLANG_WARN_UNREACHABLE_CODE = YES;
				CLANG_WARN__DUPLICATE_METHOD_MATCH = YES;
				COPY_PHASE_STRIP = NO;
				DEBUG_INFORMATION_FORMAT = "dwarf-with-dsym";
				ENABLE_NS_ASSERTIONS = NO;
				ENABLE_STRICT_OBJC_MSGSEND = YES;
				GCC_C_LANGUAGE_STANDARD = gnu11;
				GCC_NO_COMMON_BLOCKS = YES;
				GCC_WARN_64_TO_32_BIT_CONVERSION = YES;
				GCC_WARN_ABOUT_RETURN_TYPE = YES_ERROR;
				GCC_WARN_UNDECLARED_SELECTOR = YES;
				GCC_WARN_UNINITIALIZED_AUTOS = YES_AGGRESSIVE;
				GCC_WARN_UNUSED_FUNCTION = YES;
				GCC_WARN_UNUSED_VARIABLE = YES;
				IPHONEOS_DEPLOYMENT_TARGET = 15.0;
				MTL_ENABLE_DEBUG_INFO = NO;
				MTL_FAST_MATH = YES;
				SDKROOT = iphoneos;
				SWIFT_COMPILATION_MODE = wholemodule;
				SWIFT_OPTIMIZATION_LEVEL = "-O";
				VALIDATE_PRODUCT = YES;
			};
			name = Release;
		};
		DDF93D09285EB65B003B54A0 /* Debug */ = {
			isa = XCBuildConfiguration;
			buildSettings = {
				ASSETCATALOG_COMPILER_APPICON_NAME = AppIcon;
				ASSETCATALOG_COMPILER_GLOBAL_ACCENT_COLOR_NAME = AccentColor;
				CODE_SIGN_STYLE = Automatic;
				CURRENT_PROJECT_VERSION = 1;
				DEVELOPMENT_TEAM = PAQTM3NV6N;
				GENERATE_INFOPLIST_FILE = YES;
				INFOPLIST_FILE = Notflix/Info.plist;
				INFOPLIST_KEY_UIApplicationSupportsIndirectInputEvents = YES;
				INFOPLIST_KEY_UILaunchStoryboardName = LaunchScreen;
				INFOPLIST_KEY_UISupportedInterfaceOrientations = UIInterfaceOrientationPortrait;
				INFOPLIST_KEY_UISupportedInterfaceOrientations_iPad = "UIInterfaceOrientationPortrait UIInterfaceOrientationPortraitUpsideDown UIInterfaceOrientationLandscapeLeft UIInterfaceOrientationLandscapeRight";
				INFOPLIST_KEY_UISupportedInterfaceOrientations_iPhone = "UIInterfaceOrientationPortrait UIInterfaceOrientationLandscapeLeft UIInterfaceOrientationLandscapeRight";
				LD_RUNPATH_SEARCH_PATHS = (
					"$(inherited)",
					"@executable_path/Frameworks",
				);
				MARKETING_VERSION = 1.0;
				PRODUCT_BUNDLE_IDENTIFIER = com.mrcdlbr.Notflix;
				PRODUCT_NAME = "$(TARGET_NAME)";
				SWIFT_EMIT_LOC_STRINGS = YES;
				SWIFT_VERSION = 5.0;
				TARGETED_DEVICE_FAMILY = "1,2";
			};
			name = Debug;
		};
		DDF93D0A285EB65B003B54A0 /* Release */ = {
			isa = XCBuildConfiguration;
			buildSettings = {
				ASSETCATALOG_COMPILER_APPICON_NAME = AppIcon;
				ASSETCATALOG_COMPILER_GLOBAL_ACCENT_COLOR_NAME = AccentColor;
				CODE_SIGN_STYLE = Automatic;
				CURRENT_PROJECT_VERSION = 1;
				DEVELOPMENT_TEAM = PAQTM3NV6N;
				GENERATE_INFOPLIST_FILE = YES;
				INFOPLIST_FILE = Notflix/Info.plist;
				INFOPLIST_KEY_UIApplicationSupportsIndirectInputEvents = YES;
				INFOPLIST_KEY_UILaunchStoryboardName = LaunchScreen;
				INFOPLIST_KEY_UISupportedInterfaceOrientations = UIInterfaceOrientationPortrait;
				INFOPLIST_KEY_UISupportedInterfaceOrientations_iPad = "UIInterfaceOrientationPortrait UIInterfaceOrientationPortraitUpsideDown UIInterfaceOrientationLandscapeLeft UIInterfaceOrientationLandscapeRight";
				INFOPLIST_KEY_UISupportedInterfaceOrientations_iPhone = "UIInterfaceOrientationPortrait UIInterfaceOrientationLandscapeLeft UIInterfaceOrientationLandscapeRight";
				LD_RUNPATH_SEARCH_PATHS = (
					"$(inherited)",
					"@executable_path/Frameworks",
				);
				MARKETING_VERSION = 1.0;
				PRODUCT_BUNDLE_IDENTIFIER = com.mrcdlbr.Notflix;
				PRODUCT_NAME = "$(TARGET_NAME)";
				SWIFT_EMIT_LOC_STRINGS = YES;
				SWIFT_VERSION = 5.0;
				TARGETED_DEVICE_FAMILY = "1,2";
			};
			name = Release;
		};
		DDF93D0C285EB65B003B54A0 /* Debug */ = {
			isa = XCBuildConfiguration;
			buildSettings = {
				ALWAYS_EMBED_SWIFT_STANDARD_LIBRARIES = YES;
				BUNDLE_LOADER = "$(TEST_HOST)";
				CODE_SIGN_STYLE = Automatic;
				CURRENT_PROJECT_VERSION = 1;
				DEVELOPMENT_TEAM = PAQTM3NV6N;
				GENERATE_INFOPLIST_FILE = YES;
				IPHONEOS_DEPLOYMENT_TARGET = 15.0;
				LD_RUNPATH_SEARCH_PATHS = (
					"$(inherited)",
					"@executable_path/Frameworks",
					"@loader_path/Frameworks",
				);
				MARKETING_VERSION = 1.0;
				PRODUCT_BUNDLE_IDENTIFIER = com.mrcdlbr.NotflixTests;
				PRODUCT_NAME = "$(TARGET_NAME)";
				SWIFT_EMIT_LOC_STRINGS = NO;
				SWIFT_VERSION = 5.0;
				TARGETED_DEVICE_FAMILY = "1,2";
				TEST_HOST = "$(BUILT_PRODUCTS_DIR)/Notflix.app/Notflix";
			};
			name = Debug;
		};
		DDF93D0D285EB65B003B54A0 /* Release */ = {
			isa = XCBuildConfiguration;
			buildSettings = {
				ALWAYS_EMBED_SWIFT_STANDARD_LIBRARIES = YES;
				BUNDLE_LOADER = "$(TEST_HOST)";
				CODE_SIGN_STYLE = Automatic;
				CURRENT_PROJECT_VERSION = 1;
				DEVELOPMENT_TEAM = PAQTM3NV6N;
				GENERATE_INFOPLIST_FILE = YES;
				IPHONEOS_DEPLOYMENT_TARGET = 15.0;
				LD_RUNPATH_SEARCH_PATHS = (
					"$(inherited)",
					"@executable_path/Frameworks",
					"@loader_path/Frameworks",
				);
				MARKETING_VERSION = 1.0;
				PRODUCT_BUNDLE_IDENTIFIER = com.mrcdlbr.NotflixTests;
				PRODUCT_NAME = "$(TARGET_NAME)";
				SWIFT_EMIT_LOC_STRINGS = NO;
				SWIFT_VERSION = 5.0;
				TARGETED_DEVICE_FAMILY = "1,2";
				TEST_HOST = "$(BUILT_PRODUCTS_DIR)/Notflix.app/Notflix";
			};
			name = Release;
		};
/* End XCBuildConfiguration section */

/* Begin XCConfigurationList section */
		DDF93CD9285EB656003B54A0 /* Build configuration list for PBXProject "Notflix" */ = {
			isa = XCConfigurationList;
			buildConfigurations = (
				DDF93D06285EB65A003B54A0 /* Debug */,
				DDF93D07285EB65A003B54A0 /* Release */,
			);
			defaultConfigurationIsVisible = 0;
			defaultConfigurationName = Release;
		};
		DDF93D08285EB65B003B54A0 /* Build configuration list for PBXNativeTarget "Notflix" */ = {
			isa = XCConfigurationList;
			buildConfigurations = (
				DDF93D09285EB65B003B54A0 /* Debug */,
				DDF93D0A285EB65B003B54A0 /* Release */,
			);
			defaultConfigurationIsVisible = 0;
			defaultConfigurationName = Release;
		};
		DDF93D0B285EB65B003B54A0 /* Build configuration list for PBXNativeTarget "NotflixTests" */ = {
			isa = XCConfigurationList;
			buildConfigurations = (
				DDF93D0C285EB65B003B54A0 /* Debug */,
				DDF93D0D285EB65B003B54A0 /* Release */,
			);
			defaultConfigurationIsVisible = 0;
			defaultConfigurationName = Release;
		};
/* End XCConfigurationList section */

/* Begin XCRemoteSwiftPackageReference section */
		DDF93D3E28601D52003B54A0 /* XCRemoteSwiftPackageReference "Swinject" */ = {
			isa = XCRemoteSwiftPackageReference;
			repositoryURL = "https://github.com/Swinject/Swinject.git";
			requirement = {
				kind = upToNextMajorVersion;
				minimumVersion = 2.0.0;
			};
		};
		DDF93D412860B49D003B54A0 /* XCRemoteSwiftPackageReference "Kingfisher" */ = {
			isa = XCRemoteSwiftPackageReference;
			repositoryURL = "https://github.com/onevcat/Kingfisher.git";
			requirement = {
				kind = upToNextMajorVersion;
				minimumVersion = 7.0.0;
			};
		};
/* End XCRemoteSwiftPackageReference section */

/* Begin XCSwiftPackageProductDependency section */
		DDF93D3F28601D52003B54A0 /* Swinject */ = {
			isa = XCSwiftPackageProductDependency;
			package = DDF93D3E28601D52003B54A0 /* XCRemoteSwiftPackageReference "Swinject" */;
			productName = Swinject;
		};
		DDF93D422860B49D003B54A0 /* Kingfisher */ = {
			isa = XCSwiftPackageProductDependency;
			package = DDF93D412860B49D003B54A0 /* XCRemoteSwiftPackageReference "Kingfisher" */;
			productName = Kingfisher;
		};
/* End XCSwiftPackageProductDependency section */
	};
	rootObject = DDF93CD6285EB656003B54A0 /* Project object */;
}
